Microsoft Visual Studio Solution File, Format Version 12.00
# Visual Studio Version 17
VisualStudioVersion = 17.5.2.0
MinimumVisualStudioVersion = 10.0.40219.1
Project("{FAE04EC0-301F-11D3-BF4B-00C04F79EFBC}") = "LanMicServer", "LanMicServer.csproj", "{0B605496-8B85-459B-4C28-06E2BFF5382D}"
EndProject
Global
	GlobalSection(SolutionConfigurationPlatforms) = preSolution
		Debug|Any CPU = Debug|Any CPU
		Release|Any CPU = Release|Any CPU
	EndGlobalSection
	GlobalSection(ProjectConfigurationPlatforms) = postSolution
		{0B605496-8B85-459B-4C28-06E2BFF5382D}.Debug|Any CPU.ActiveCfg = Debug|Any CPU
		{0B605496-8B85-459B-4C28-06E2BFF5382D}.Debug|Any CPU.Build.0 = Debug|Any CPU
		{0B605496-8B85-459B-4C28-06E2BFF5382D}.Release|Any CPU.ActiveCfg = Release|Any CPU
		{0B605496-8B85-459B-4C28-06E2BFF5382D}.Release|Any CPU.Build.0 = Release|Any CPU
	EndGlobalSection
	GlobalSection(SolutionProperties) = preSolution
		HideSolutionNode = FALSE
	EndGlobalSection
	GlobalSection(ExtensibilityGlobals) = postSolution
		SolutionGuid = {363961D5-49DB-4201-A1F8-EB666729AAC1}
	EndGlobalSection
EndGlobal
